
Microsoft Visual Studio Solution File, Format Version 12.00
# Visual Studio 14
VisualStudioVersion = 14.0.23107.0
MinimumVisualStudioVersion = 10.0.40219.1
Project("{FAE04EC0-301F-11D3-BF4B-00C04F79EFBC}") = "arkitektum.kommit.noark5.api", "arkitektum.kommit.noark5.api\arkitektum.kommit.noark5.api.csproj", "{9AFBCA9F-603D-45A9-89E1-CAC44C4E54F6}"
EndProject
Project("{2150E333-8FDC-42A3-9474-1A3956D46DE8}") = ".nuget", ".nuget", "{0C2D2A85-DDE9-453F-B672-EAA7305BC56C}"
	ProjectSection(SolutionItems) = preProject
		.nuget\packages.config = .nuget\packages.config
	EndProjectSection
EndProject
Project("{2150E333-8FDC-42A3-9474-1A3956D46DE8}") = "auth", "auth", "{035F5DB1-7E75-422C-829A-B5E101AF8870}"
EndProject
Project("{FAE04EC0-301F-11D3-BF4B-00C04F79EFBC}") = "IdSrvAccessTokenTokenValidation", "IdSrvReferenceTokenValidation\IdSrvAccessTokenTokenValidation.csproj", "{D8783FA3-4371-4848-BC87-B11DD8E02287}"
EndProject
Project("{FAE04EC0-301F-11D3-BF4B-00C04F79EFBC}") = "Thinktecture.IdentityModel.Oidc", "Thinktecture.IdentityModel.Oidc\Thinktecture.IdentityModel.Oidc.csproj", "{9669AED6-CC75-4DA4-A639-13E084905CA7}"
EndProject
Global
	GlobalSection(SolutionConfigurationPlatforms) = preSolution
		Debug|Any CPU = Debug|Any CPU
		Release|Any CPU = Release|Any CPU
	EndGlobalSection
	GlobalSection(ProjectConfigurationPlatforms) = postSolution
		{9AFBCA9F-603D-45A9-89E1-CAC44C4E54F6}.Debug|Any CPU.ActiveCfg = Debug|Any CPU
		{9AFBCA9F-603D-45A9-89E1-CAC44C4E54F6}.Debug|Any CPU.Build.0 = Debug|Any CPU
		{9AFBCA9F-603D-45A9-89E1-CAC44C4E54F6}.Release|Any CPU.ActiveCfg = Release|Any CPU
		{9AFBCA9F-603D-45A9-89E1-CAC44C4E54F6}.Release|Any CPU.Build.0 = Release|Any CPU
		{D8783FA3-4371-4848-BC87-B11DD8E02287}.Debug|Any CPU.ActiveCfg = Debug|Any CPU
		{D8783FA3-4371-4848-BC87-B11DD8E02287}.Debug|Any CPU.Build.0 = Debug|Any CPU
		{D8783FA3-4371-4848-BC87-B11DD8E02287}.Release|Any CPU.ActiveCfg = Release|Any CPU
		{D8783FA3-4371-4848-BC87-B11DD8E02287}.Release|Any CPU.Build.0 = Release|Any CPU
		{9669AED6-CC75-4DA4-A639-13E084905CA7}.Debug|Any CPU.ActiveCfg = Debug|Any CPU
		{9669AED6-CC75-4DA4-A639-13E084905CA7}.Debug|Any CPU.Build.0 = Debug|Any CPU
		{9669AED6-CC75-4DA4-A639-13E084905CA7}.Release|Any CPU.ActiveCfg = Release|Any CPU
		{9669AED6-CC75-4DA4-A639-13E084905CA7}.Release|Any CPU.Build.0 = Release|Any CPU
	EndGlobalSection
	GlobalSection(SolutionProperties) = preSolution
		HideSolutionNode = FALSE
	EndGlobalSection
	GlobalSection(NestedProjects) = preSolution
		{D8783FA3-4371-4848-BC87-B11DD8E02287} = {035F5DB1-7E75-422C-829A-B5E101AF8870}
		{9669AED6-CC75-4DA4-A639-13E084905CA7} = {035F5DB1-7E75-422C-829A-B5E101AF8870}
	EndGlobalSection
EndGlobal
