
Microsoft Visual Studio Solution File, Format Version 12.00
# Visual Studio 2013
VisualStudioVersion = 12.0.30501.0
MinimumVisualStudioVersion = 10.0.40219.1
Project("{FAE04EC0-301F-11D3-BF4B-00C04F79EFBC}") = "arkitektum.kommit.noark5.api", "arkitektum.kommit.noark5.api\arkitektum.kommit.noark5.api.csproj", "{9AFBCA9F-603D-45A9-89E1-CAC44C4E54F6}"
EndProject
Project("{2150E333-8FDC-42A3-9474-1A3956D46DE8}") = ".nuget", ".nuget", "{0C2D2A85-DDE9-453F-B672-EAA7305BC56C}"
	ProjectSection(SolutionItems) = preProject
		.nuget\packages.config = .nuget\packages.config
	EndProjectSection
EndProject
Global
	GlobalSection(SolutionConfigurationPlatforms) = preSolution
		Debug|Any CPU = Debug|Any CPU
		Release|Any CPU = Release|Any CPU
	EndGlobalSection
	GlobalSection(ProjectConfigurationPlatforms) = postSolution
		{9AFBCA9F-603D-45A9-89E1-CAC44C4E54F6}.Debug|Any CPU.ActiveCfg = Debug|Any CPU
		{9AFBCA9F-603D-45A9-89E1-CAC44C4E54F6}.Debug|Any CPU.Build.0 = Debug|Any CPU
		{9AFBCA9F-603D-45A9-89E1-CAC44C4E54F6}.Release|Any CPU.ActiveCfg = Release|Any CPU
		{9AFBCA9F-603D-45A9-89E1-CAC44C4E54F6}.Release|Any CPU.Build.0 = Release|Any CPU
	EndGlobalSection
	GlobalSection(SolutionProperties) = preSolution
		HideSolutionNode = FALSE
	EndGlobalSection
EndGlobal
